{
  "version": 4,
  "terraform_version": "0.13.1",
  "serial": 10,
  "lineage": "f62caec0-4ce6-cfb5-c335-8df08e7cd89a",
  "outputs": {
    "eks_cluster_certificat_authority": {
      "value": [
        {
          "data": "LS0tLS1CRUdJTiBDRVJUSUZJQ0FURS0tLS0tCk1JSUN5RENDQWJDZ0F3SUJBZ0lCQURBTkJna3Foa2lHOXcwQkFRc0ZBREFWTVJNd0VRWURWUVFERXdwcmRXSmwKY201bGRHVnpNQjRYRFRJd01USXdOVEV3TVRRMU5Wb1hEVE13TVRJd016RXdNVFExTlZvd0ZURVRNQkVHQTFVRQpBeE1LYTNWaVpYSnVaWFJsY3pDQ0FTSXdEUVlKS29aSWh2Y05BUUVCQlFBRGdnRVBBRENDQVFvQ2dnRUJBTFJDCjFSSmdnR0RMMERKdG9GYU05d0ZkR1pNTTlTRkF6Zk9XdkxoYjMxTVlOMkpJZVRHaVR2Uit5dmlUcXcwc1pNTFYKa3FSanRVeUdHY0g2ejFlOFQybzVuSzNKcStPRlZtbktHbVNSaG1vUDA0TUZ0SFpIemFucVBiMlFnenNEYlhuegpySGIxc2QrSC83b094S0Vuck1LMzZuaXpEbkt1Rjk5dHczZmdBN2hxOENGVzlwMnM3cXpSL2VGQkdWbGx4ZzZVClRTaSsvV0o0NWZXRmhzZW5JOFZQYWpxZ1VxaHI1Ukx3dTJLTTZ6SHhzbHpkVGprY3g2M0xtVGFXOFIxQ0g3NmYKUDNiMlA5Z2hPT0lkWGRyR3h6YUMxYWErSUhkejJGSDc2ZDJjRE4wQWUzUklGelFXWUxmTC8ySTFhVmdVY21oUwpRZU1sb3BDdzlIV0lJNGVia2VFQ0F3RUFBYU1qTUNFd0RnWURWUjBQQVFIL0JBUURBZ0trTUE4R0ExVWRFd0VCCi93UUZNQU1CQWY4d0RRWUpLb1pJaHZjTkFRRUxCUUFEZ2dFQkFBZW1CY3BEeEVKSmdSdGprMER0cm5MTEt3RFQKS2ZOYVo1enRnZW9hbDJYV1FXTk9MM240LzJTM1RaN2ZSd3ZNZlZhclFrTmd6VndIUlN0NjBMT1FoemxCWlVxKwpEZTZZTzFvWjJwZHE5RWZ5T3dvTTAycWl4dHFPaDdkR3psOGh0dk1QNjRER1B2NVo4cTk1MlpzVjdNeTZRZDhwCmdUY0FsU3FDZi8ydERlZ1JYcmNvUk9WLzZQMjgvUGFWRE9nS3docWZFTDdhMWZHYXVsWTNPS0dHbExqYmNWTHEKNW9nMDRiem5ZcjhVV1Fta0dvSnRHUFJiZFFEaFJTWnA1bDdwZ3lUUEF6c0F6T2dIOExnY2Yza09hSmhCRWtNTQpkWVJtWVlCWWM2MTJ1MFZrdERSNFRCVGh1cVp6Yy9IdmlEczBkUk5telBIU0lSTEZsUmd2bE1lckFYMD0KLS0tLS1FTkQgQ0VSVElGSUNBVEUtLS0tLQo="
        }
      ],
      "type": [
        "list",
        [
          "object",
          {
            "data": "string"
          }
        ]
      ]
    },
    "eks_cluster_endpoint": {
      "value": "https://C76DA55768F1D3ECDCF2C08E2B37BA48.gr7.eu-central-1.eks.amazonaws.com",
      "type": "string"
    }
  },
  "resources": [
    {
      "mode": "managed",
      "type": "aws_eks_cluster",
      "name": "aws_eks",
      "provider": "provider[\"registry.terraform.io/hashicorp/aws\"]",
      "instances": [
        {
          "schema_version": 0,
          "attributes": {
            "arn": "arn:aws:eks:eu-central-1:711179109213:cluster/my_eks_cluster",
            "certificate_authority": [
              {
                "data": "LS0tLS1CRUdJTiBDRVJUSUZJQ0FURS0tLS0tCk1JSUN5RENDQWJDZ0F3SUJBZ0lCQURBTkJna3Foa2lHOXcwQkFRc0ZBREFWTVJNd0VRWURWUVFERXdwcmRXSmwKY201bGRHVnpNQjRYRFRJd01USXdOVEV3TVRRMU5Wb1hEVE13TVRJd016RXdNVFExTlZvd0ZURVRNQkVHQTFVRQpBeE1LYTNWaVpYSnVaWFJsY3pDQ0FTSXdEUVlKS29aSWh2Y05BUUVCQlFBRGdnRVBBRENDQVFvQ2dnRUJBTFJDCjFSSmdnR0RMMERKdG9GYU05d0ZkR1pNTTlTRkF6Zk9XdkxoYjMxTVlOMkpJZVRHaVR2Uit5dmlUcXcwc1pNTFYKa3FSanRVeUdHY0g2ejFlOFQybzVuSzNKcStPRlZtbktHbVNSaG1vUDA0TUZ0SFpIemFucVBiMlFnenNEYlhuegpySGIxc2QrSC83b094S0Vuck1LMzZuaXpEbkt1Rjk5dHczZmdBN2hxOENGVzlwMnM3cXpSL2VGQkdWbGx4ZzZVClRTaSsvV0o0NWZXRmhzZW5JOFZQYWpxZ1VxaHI1Ukx3dTJLTTZ6SHhzbHpkVGprY3g2M0xtVGFXOFIxQ0g3NmYKUDNiMlA5Z2hPT0lkWGRyR3h6YUMxYWErSUhkejJGSDc2ZDJjRE4wQWUzUklGelFXWUxmTC8ySTFhVmdVY21oUwpRZU1sb3BDdzlIV0lJNGVia2VFQ0F3RUFBYU1qTUNFd0RnWURWUjBQQVFIL0JBUURBZ0trTUE4R0ExVWRFd0VCCi93UUZNQU1CQWY4d0RRWUpLb1pJaHZjTkFRRUxCUUFEZ2dFQkFBZW1CY3BEeEVKSmdSdGprMER0cm5MTEt3RFQKS2ZOYVo1enRnZW9hbDJYV1FXTk9MM240LzJTM1RaN2ZSd3ZNZlZhclFrTmd6VndIUlN0NjBMT1FoemxCWlVxKwpEZTZZTzFvWjJwZHE5RWZ5T3dvTTAycWl4dHFPaDdkR3psOGh0dk1QNjRER1B2NVo4cTk1MlpzVjdNeTZRZDhwCmdUY0FsU3FDZi8ydERlZ1JYcmNvUk9WLzZQMjgvUGFWRE9nS3docWZFTDdhMWZHYXVsWTNPS0dHbExqYmNWTHEKNW9nMDRiem5ZcjhVV1Fta0dvSnRHUFJiZFFEaFJTWnA1bDdwZ3lUUEF6c0F6T2dIOExnY2Yza09hSmhCRWtNTQpkWVJtWVlCWWM2MTJ1MFZrdERSNFRCVGh1cVp6Yy9IdmlEczBkUk5telBIU0lSTEZsUmd2bE1lckFYMD0KLS0tLS1FTkQgQ0VSVElGSUNBVEUtLS0tLQo="
              }
            ],
            "created_at": "2020-12-05 10:07:07.018 +0000 UTC",
            "enabled_cluster_log_types": null,
            "encryption_config": [],
            "endpoint": "https://C76DA55768F1D3ECDCF2C08E2B37BA48.gr7.eu-central-1.eks.amazonaws.com",
            "id": "my_eks_cluster",
            "identity": [
              {
                "oidc": [
                  {
                    "issuer": "https://oidc.eks.eu-central-1.amazonaws.com/id/C76DA55768F1D3ECDCF2C08E2B37BA48"
                  }
                ]
              }
            ],
            "kubernetes_network_config": [
              {
                "service_ipv4_cidr": "10.100.0.0/16"
              }
            ],
            "name": "my_eks_cluster",
            "platform_version": "eks.3",
            "role_arn": "arn:aws:iam::711179109213:role/eks-cluster",
            "status": "ACTIVE",
            "tags": {
              "Name": "my_EKS"
            },
            "timeouts": null,
            "version": "1.18",
            "vpc_config": [
              {
                "cluster_security_group_id": "sg-0a41dcbe9578c08d6",
                "endpoint_private_access": false,
                "endpoint_public_access": true,
                "public_access_cidrs": [
                  "0.0.0.0/0"
                ],
                "security_group_ids": null,
                "subnet_ids": [
                  "subnet-08f7bcfdae4991007",
                  "subnet-0a31a06aad34d2150",
                  "subnet-0b65b0ed562599bdb",
                  "subnet-0eb9b300929f21fdd"
                ],
                "vpc_id": "vpc-0a3c55f92fc13cb56"
              }
            ]
          },
          "private": "eyJlMmJmYjczMC1lY2FhLTExZTYtOGY4OC0zNDM2M2JjN2M0YzAiOnsiY3JlYXRlIjoxODAwMDAwMDAwMDAwLCJkZWxldGUiOjkwMDAwMDAwMDAwMCwidXBkYXRlIjozNjAwMDAwMDAwMDAwfX0=",
          "dependencies": [
            "aws_iam_role.eks_cluster"
          ]
        }
      ]
    },
    {
      "mode": "managed",
      "type": "aws_eks_node_group",
      "name": "node",
      "provider": "provider[\"registry.terraform.io/hashicorp/aws\"]",
      "instances": [
        {
          "schema_version": 0,
          "attributes": {
            "ami_type": "AL2_x86_64",
            "arn": "arn:aws:eks:eu-central-1:711179109213:nodegroup/my_eks_cluster/my_node/2ebb193f-486d-4211-b1b8-fd7ffc9c70ab",
            "capacity_type": "ON_DEMAND",
            "cluster_name": "my_eks_cluster",
            "disk_size": 20,
            "force_update_version": null,
            "id": "my_eks_cluster:my_node",
            "instance_types": [
              "t3.medium"
            ],
            "labels": null,
            "launch_template": [],
            "node_group_name": "my_node",
            "node_role_arn": "arn:aws:iam::711179109213:role/my_eks-node-group",
            "release_version": "1.18.9-20201126",
            "remote_access": [],
            "resources": [
              {
                "autoscaling_groups": [
                  {
                    "name": "eks-2ebb193f-486d-4211-b1b8-fd7ffc9c70ab"
                  }
                ],
                "remote_access_security_group_id": ""
              }
            ],
            "scaling_config": [
              {
                "desired_size": 1,
                "max_size": 2,
                "min_size": 1
              }
            ],
            "status": "ACTIVE",
            "subnet_ids": [
              "subnet-08f7bcfdae4991007",
              "subnet-0a31a06aad34d2150",
              "subnet-0b65b0ed562599bdb",
              "subnet-0eb9b300929f21fdd"
            ],
            "tags": null,
            "timeouts": null,
            "version": "1.18"
          },
          "private": "eyJlMmJmYjczMC1lY2FhLTExZTYtOGY4OC0zNDM2M2JjN2M0YzAiOnsiY3JlYXRlIjozNjAwMDAwMDAwMDAwLCJkZWxldGUiOjM2MDAwMDAwMDAwMDAsInVwZGF0ZSI6MzYwMDAwMDAwMDAwMH19",
          "dependencies": [
            "aws_eks_cluster.aws_eks",
            "aws_iam_role.eks_cluster",
            "aws_iam_role.eks_nodes",
            "aws_iam_role_policy_attachment.AmazonEC2ContainerRegistryReadOnly",
            "aws_iam_role_policy_attachment.AmazonEKSWorkerNodePolicy",
            "aws_iam_role_policy_attachment.AmazonEKS_CNI_Policy"
          ]
        }
      ]
    },
    {
      "mode": "managed",
      "type": "aws_iam_role",
      "name": "eks_cluster",
      "provider": "provider[\"registry.terraform.io/hashicorp/aws\"]",
      "instances": [
        {
          "schema_version": 0,
          "attributes": {
            "arn": "arn:aws:iam::711179109213:role/eks-cluster",
            "assume_role_policy": "{\"Version\":\"2012-10-17\",\"Statement\":[{\"Effect\":\"Allow\",\"Principal\":{\"Service\":\"eks.amazonaws.com\"},\"Action\":\"sts:AssumeRole\"}]}",
            "create_date": "2020-12-05T10:07:04Z",
            "description": "",
            "force_detach_policies": false,
            "id": "eks-cluster",
            "max_session_duration": 3600,
            "name": "eks-cluster",
            "name_prefix": null,
            "path": "/",
            "permissions_boundary": null,
            "tags": null,
            "unique_id": "AROA2LFMUANO22BB4E6OD"
          },
          "private": "bnVsbA=="
        }
      ]
    },
    {
      "mode": "managed",
      "type": "aws_iam_role",
      "name": "eks_nodes",
      "provider": "provider[\"registry.terraform.io/hashicorp/aws\"]",
      "instances": [
        {
          "schema_version": 0,
          "attributes": {
            "arn": "arn:aws:iam::711179109213:role/my_eks-node-group",
            "assume_role_policy": "{\"Version\":\"2012-10-17\",\"Statement\":[{\"Effect\":\"Allow\",\"Principal\":{\"Service\":\"ec2.amazonaws.com\"},\"Action\":\"sts:AssumeRole\"}]}",
            "create_date": "2020-12-05T10:07:04Z",
            "description": "",
            "force_detach_policies": false,
            "id": "my_eks-node-group",
            "max_session_duration": 3600,
            "name": "my_eks-node-group",
            "name_prefix": null,
            "path": "/",
            "permissions_boundary": null,
            "tags": null,
            "unique_id": "AROA2LFMUANO3OACIKZAH"
          },
          "private": "bnVsbA=="
        }
      ]
    },
    {
      "mode": "managed",
      "type": "aws_iam_role_policy_attachment",
      "name": "AmazonEC2ContainerRegistryReadOnly",
      "provider": "provider[\"registry.terraform.io/hashicorp/aws\"]",
      "instances": [
        {
          "schema_version": 0,
          "attributes": {
            "id": "my_eks-node-group-20201205100706279100000002",
            "policy_arn": "arn:aws:iam::aws:policy/AmazonEC2ContainerRegistryReadOnly",
            "role": "my_eks-node-group"
          },
          "private": "bnVsbA==",
          "dependencies": [
            "aws_iam_role.eks_nodes"
          ]
        }
      ]
    },
    {
      "mode": "managed",
      "type": "aws_iam_role_policy_attachment",
      "name": "AmazonEKSClusterPolicy",
      "provider": "provider[\"registry.terraform.io/hashicorp/aws\"]",
      "instances": [
        {
          "schema_version": 0,
          "attributes": {
            "id": "eks-cluster-20201205100706275200000001",
            "policy_arn": "arn:aws:iam::aws:policy/AmazonEKSClusterPolicy",
            "role": "eks-cluster"
          },
          "private": "bnVsbA==",
          "dependencies": [
            "aws_iam_role.eks_cluster"
          ]
        }
      ]
    },
    {
      "mode": "managed",
      "type": "aws_iam_role_policy_attachment",
      "name": "AmazonEKSServicePolicy",
      "provider": "provider[\"registry.terraform.io/hashicorp/aws\"]",
      "instances": [
        {
          "schema_version": 0,
          "attributes": {
            "id": "eks-cluster-20201205100706308800000005",
            "policy_arn": "arn:aws:iam::aws:policy/AmazonEKSServicePolicy",
            "role": "eks-cluster"
          },
          "private": "bnVsbA==",
          "dependencies": [
            "aws_iam_role.eks_cluster"
          ]
        }
      ]
    },
    {
      "mode": "managed",
      "type": "aws_iam_role_policy_attachment",
      "name": "AmazonEKSWorkerNodePolicy",
      "provider": "provider[\"registry.terraform.io/hashicorp/aws\"]",
      "instances": [
        {
          "schema_version": 0,
          "attributes": {
            "id": "my_eks-node-group-20201205100706287800000004",
            "policy_arn": "arn:aws:iam::aws:policy/AmazonEKSWorkerNodePolicy",
            "role": "my_eks-node-group"
          },
          "private": "bnVsbA==",
          "dependencies": [
            "aws_iam_role.eks_nodes"
          ]
        }
      ]
    },
    {
      "mode": "managed",
      "type": "aws_iam_role_policy_attachment",
      "name": "AmazonEKS_CNI_Policy",
      "provider": "provider[\"registry.terraform.io/hashicorp/aws\"]",
      "instances": [
        {
          "schema_version": 0,
          "attributes": {
            "id": "my_eks-node-group-20201205100706280600000003",
            "policy_arn": "arn:aws:iam::aws:policy/AmazonEKS_CNI_Policy",
            "role": "my_eks-node-group"
          },
          "private": "bnVsbA==",
          "dependencies": [
            "aws_iam_role.eks_nodes"
          ]
        }
      ]
    }
  ]
}
